
Microsoft Visual Studio Solution File, Format Version 12.00
# Visual Studio Version 16
VisualStudioVersion = 16.0.30517.126
MinimumVisualStudioVersion = 10.0.40219.1
Project("{FAE04EC0-301F-11D3-BF4B-00C04F79EFBC}") = "praise_the_os", "praise_the_os.csproj", "{2BACAFDD-2D95-4E33-B43B-C33426561042}"
EndProject
Global
	GlobalSection(SolutionConfigurationPlatforms) = preSolution
		Debug|Any CPU = Debug|Any CPU
		Release|Any CPU = Release|Any CPU
	EndGlobalSection
	GlobalSection(ProjectConfigurationPlatforms) = postSolution
		{2BACAFDD-2D95-4E33-B43B-C33426561042}.Debug|Any CPU.ActiveCfg = Debug|Any CPU
		{2BACAFDD-2D95-4E33-B43B-C33426561042}.Debug|Any CPU.Build.0 = Debug|Any CPU
		{2BACAFDD-2D95-4E33-B43B-C33426561042}.Release|Any CPU.ActiveCfg = Release|Any CPU
		{2BACAFDD-2D95-4E33-B43B-C33426561042}.Release|Any CPU.Build.0 = Release|Any CPU
	EndGlobalSection
	GlobalSection(SolutionProperties) = preSolution
		HideSolutionNode = FALSE
	EndGlobalSection
	GlobalSection(ExtensibilityGlobals) = postSolution
		SolutionGuid = {97D4662B-DB6D-4340-A5A7-C620E6661FCD}
	EndGlobalSection
EndGlobal
