
Microsoft Visual Studio Solution File, Format Version 12.00
# Visual Studio Version 16
VisualStudioVersion = 16.0.29709.97
MinimumVisualStudioVersion = 10.0.40219.1
Project("{FAE04EC0-301F-11D3-BF4B-00C04F79EFBC}") = "4", "4\4.csproj", "{EB6ED64C-4E96-414B-BF62-67D561D78010}"
EndProject
Global
	GlobalSection(SolutionConfigurationPlatforms) = preSolution
		Debug|Any CPU = Debug|Any CPU
		Release|Any CPU = Release|Any CPU
	EndGlobalSection
	GlobalSection(ProjectConfigurationPlatforms) = postSolution
		{EB6ED64C-4E96-414B-BF62-67D561D78010}.Debug|Any CPU.ActiveCfg = Debug|Any CPU
		{EB6ED64C-4E96-414B-BF62-67D561D78010}.Debug|Any CPU.Build.0 = Debug|Any CPU
		{EB6ED64C-4E96-414B-BF62-67D561D78010}.Release|Any CPU.ActiveCfg = Release|Any CPU
		{EB6ED64C-4E96-414B-BF62-67D561D78010}.Release|Any CPU.Build.0 = Release|Any CPU
	EndGlobalSection
	GlobalSection(SolutionProperties) = preSolution
		HideSolutionNode = FALSE
	EndGlobalSection
	GlobalSection(ExtensibilityGlobals) = postSolution
		SolutionGuid = {0AE4F747-176E-48CB-9290-84E202950712}
	EndGlobalSection
EndGlobal
