
Microsoft Visual Studio Solution File, Format Version 12.00
# Visual Studio Version 16
VisualStudioVersion = 16.0.29709.97
MinimumVisualStudioVersion = 10.0.40219.1
Project("{FAE04EC0-301F-11D3-BF4B-00C04F79EFBC}") = "3", "3.csproj", "{38EAA891-5DEE-43E4-A848-E66A8960F636}"
EndProject
Global
	GlobalSection(SolutionConfigurationPlatforms) = preSolution
		Debug|Any CPU = Debug|Any CPU
		Release|Any CPU = Release|Any CPU
	EndGlobalSection
	GlobalSection(ProjectConfigurationPlatforms) = postSolution
		{38EAA891-5DEE-43E4-A848-E66A8960F636}.Debug|Any CPU.ActiveCfg = Debug|Any CPU
		{38EAA891-5DEE-43E4-A848-E66A8960F636}.Debug|Any CPU.Build.0 = Debug|Any CPU
		{38EAA891-5DEE-43E4-A848-E66A8960F636}.Release|Any CPU.ActiveCfg = Release|Any CPU
		{38EAA891-5DEE-43E4-A848-E66A8960F636}.Release|Any CPU.Build.0 = Release|Any CPU
	EndGlobalSection
	GlobalSection(SolutionProperties) = preSolution
		HideSolutionNode = FALSE
	EndGlobalSection
	GlobalSection(ExtensibilityGlobals) = postSolution
		SolutionGuid = {050CC91A-6CFB-4F86-9C2C-AE5AE222B44C}
	EndGlobalSection
EndGlobal
