
Microsoft Visual Studio Solution File, Format Version 12.00
# Visual Studio Version 16
VisualStudioVersion = 16.0.30517.126
MinimumVisualStudioVersion = 10.0.40219.1
Project("{FAE04EC0-301F-11D3-BF4B-00C04F79EFBC}") = "5", "5.csproj", "{FE260C2C-04C5-4D15-843B-AD4E8ECB5668}"
EndProject
Global
	GlobalSection(SolutionConfigurationPlatforms) = preSolution
		Debug|Any CPU = Debug|Any CPU
		Release|Any CPU = Release|Any CPU
	EndGlobalSection
	GlobalSection(ProjectConfigurationPlatforms) = postSolution
		{FE260C2C-04C5-4D15-843B-AD4E8ECB5668}.Debug|Any CPU.ActiveCfg = Debug|Any CPU
		{FE260C2C-04C5-4D15-843B-AD4E8ECB5668}.Debug|Any CPU.Build.0 = Debug|Any CPU
		{FE260C2C-04C5-4D15-843B-AD4E8ECB5668}.Release|Any CPU.ActiveCfg = Release|Any CPU
		{FE260C2C-04C5-4D15-843B-AD4E8ECB5668}.Release|Any CPU.Build.0 = Release|Any CPU
	EndGlobalSection
	GlobalSection(SolutionProperties) = preSolution
		HideSolutionNode = FALSE
	EndGlobalSection
	GlobalSection(ExtensibilityGlobals) = postSolution
		SolutionGuid = {952BEDAB-3661-4442-8E97-E867D744113C}
	EndGlobalSection
EndGlobal
