
Microsoft Visual Studio Solution File, Format Version 12.00
# Visual Studio Version 16
VisualStudioVersion = 16.0.30517.126
MinimumVisualStudioVersion = 10.0.40219.1
Project("{FAE04EC0-301F-11D3-BF4B-00C04F79EFBC}") = "together", "together.csproj", "{FD58C959-AEFE-4752-9B47-E2D7EA201BCF}"
EndProject
Global
	GlobalSection(SolutionConfigurationPlatforms) = preSolution
		Debug|Any CPU = Debug|Any CPU
		Release|Any CPU = Release|Any CPU
	EndGlobalSection
	GlobalSection(ProjectConfigurationPlatforms) = postSolution
		{FD58C959-AEFE-4752-9B47-E2D7EA201BCF}.Debug|Any CPU.ActiveCfg = Debug|Any CPU
		{FD58C959-AEFE-4752-9B47-E2D7EA201BCF}.Debug|Any CPU.Build.0 = Debug|Any CPU
		{FD58C959-AEFE-4752-9B47-E2D7EA201BCF}.Release|Any CPU.ActiveCfg = Release|Any CPU
		{FD58C959-AEFE-4752-9B47-E2D7EA201BCF}.Release|Any CPU.Build.0 = Release|Any CPU
	EndGlobalSection
	GlobalSection(SolutionProperties) = preSolution
		HideSolutionNode = FALSE
	EndGlobalSection
	GlobalSection(ExtensibilityGlobals) = postSolution
		SolutionGuid = {5B9383EE-5188-449B-867E-36122B076C9A}
	EndGlobalSection
EndGlobal
