
Microsoft Visual Studio Solution File, Format Version 12.00
# Visual Studio Version 16
VisualStudioVersion = 16.0.29709.97
MinimumVisualStudioVersion = 10.0.40219.1
Project("{FAE04EC0-301F-11D3-BF4B-00C04F79EFBC}") = "1", "1.csproj", "{F3B93537-F713-4B8F-8753-93148828682C}"
EndProject
Global
	GlobalSection(SolutionConfigurationPlatforms) = preSolution
		Debug|Any CPU = Debug|Any CPU
		Release|Any CPU = Release|Any CPU
	EndGlobalSection
	GlobalSection(ProjectConfigurationPlatforms) = postSolution
		{F3B93537-F713-4B8F-8753-93148828682C}.Debug|Any CPU.ActiveCfg = Debug|Any CPU
		{F3B93537-F713-4B8F-8753-93148828682C}.Debug|Any CPU.Build.0 = Debug|Any CPU
		{F3B93537-F713-4B8F-8753-93148828682C}.Release|Any CPU.ActiveCfg = Release|Any CPU
		{F3B93537-F713-4B8F-8753-93148828682C}.Release|Any CPU.Build.0 = Release|Any CPU
	EndGlobalSection
	GlobalSection(SolutionProperties) = preSolution
		HideSolutionNode = FALSE
	EndGlobalSection
	GlobalSection(ExtensibilityGlobals) = postSolution
		SolutionGuid = {C6ED57CB-4FE6-40D9-AEBF-00F78E170A4C}
	EndGlobalSection
EndGlobal
